
Microsoft Visual Studio Solution File, Format Version 12.00
# Visual Studio Version 17
VisualStudioVersion = 17.3.32825.248
MinimumVisualStudioVersion = 10.0.40219.1
Project("{FAE04EC0-301F-11D3-BF4B-00C04F79EFBC}") = "RocketMod", "RocketMod\RocketMod.csproj", "{4D59AC67-536F-4D30-AD83-4BC1A84BA005}"
EndProject
Project("{9A19103F-16F7-4668-BE54-9A1E7A4F7556}") = "OpenMod", "OpenMod\OpenMod.csproj", "{009AA2E9-65A9-48B3-879F-E665461A79EF}"
EndProject
Project("{D954291E-2A0B-460D-934E-DC6B0785DB48}") = "PermissionsModule", "..\..\_Shared\PermissionsModule\PermissionsModule.shproj", "{E1445EE2-AFAD-42D5-B40A-42876500669A}"
EndProject
Project("{D954291E-2A0B-460D-934E-DC6B0785DB48}") = "CustomInventorySize", "CustomInventorySize\CustomInventorySize.shproj", "{928EA9AA-0589-4E21-90D4-A9A2E9AFB436}"
EndProject
Global
	GlobalSection(SolutionConfigurationPlatforms) = preSolution
		OPENMOD|Any CPU = OPENMOD|Any CPU
		ROCKETMOD|Any CPU = ROCKETMOD|Any CPU
	EndGlobalSection
	GlobalSection(ProjectConfigurationPlatforms) = postSolution
		{4D59AC67-536F-4D30-AD83-4BC1A84BA005}.OPENMOD|Any CPU.ActiveCfg = ROCKETMOD|Any CPU
		{4D59AC67-536F-4D30-AD83-4BC1A84BA005}.ROCKETMOD|Any CPU.ActiveCfg = ROCKETMOD|Any CPU
		{009AA2E9-65A9-48B3-879F-E665461A79EF}.OPENMOD|Any CPU.ActiveCfg = OPENMOD|Any CPU
		{009AA2E9-65A9-48B3-879F-E665461A79EF}.OPENMOD|Any CPU.Build.0 = OPENMOD|Any CPU
		{009AA2E9-65A9-48B3-879F-E665461A79EF}.ROCKETMOD|Any CPU.ActiveCfg = OPENMOD|Any CPU
	EndGlobalSection
	GlobalSection(SolutionProperties) = preSolution
		HideSolutionNode = FALSE
	EndGlobalSection
	GlobalSection(ExtensibilityGlobals) = postSolution
		SolutionGuid = {230783B5-D8E6-4F11-B759-29BF8C713369}
	EndGlobalSection
	GlobalSection(SharedMSBuildProjectFiles) = preSolution
		CustomInventorySize\CustomInventorySize.projitems*{009aa2e9-65a9-48b3-879f-e665461a79ef}*SharedItemsImports = 5
		..\..\_Shared\PermissionsModule\PermissionsModule.projitems*{009aa2e9-65a9-48b3-879f-e665461a79ef}*SharedItemsImports = 5
		CustomInventorySize\CustomInventorySize.projitems*{4d59ac67-536f-4d30-ad83-4bc1a84ba005}*SharedItemsImports = 4
		..\..\_Shared\PermissionsModule\PermissionsModule.projitems*{4d59ac67-536f-4d30-ad83-4bc1a84ba005}*SharedItemsImports = 4
		CustomInventorySize\CustomInventorySize.projitems*{928ea9aa-0589-4e21-90d4-a9a2e9afb436}*SharedItemsImports = 13
		..\..\_Shared\PermissionsModule\PermissionsModule.projitems*{e1445ee2-afad-42d5-b40a-42876500669a}*SharedItemsImports = 13
	EndGlobalSection
EndGlobal
